
Microsoft Visual Studio Solution File, Format Version 12.00
# Visual Studio Version 17
VisualStudioVersion = 17.13.35825.156
MinimumVisualStudioVersion = 10.0.40219.1
Project("{FAE04EC0-301F-11D3-BF4B-00C04F79EFBC}") = "ADO_net", "ADO_net\ADO_net.csproj", "{F4639A50-E364-44AA-971E-1FEA148A4EFF}"
EndProject
Project("{FAE04EC0-301F-11D3-BF4B-00C04F79EFBC}") = "Lesson_1_connection", "Lesson_1_connection\Lesson_1_connection.csproj", "{0538A3F5-59E5-4487-B146-FFC5835B57A4}"
EndProject
Project("{FAE04EC0-301F-11D3-BF4B-00C04F79EFBC}") = "Lesson_2_StorageProcedure", "Lesson_2_StorageProcedure\Lesson_2_StorageProcedure.csproj", "{01685789-2B31-4FC6-8975-AEB11B7517BE}"
EndProject
Project("{FAE04EC0-301F-11D3-BF4B-00C04F79EFBC}") = "Lesson_3_CommandBuilder", "Lesson3\Lesson_3_CommandBuilder.csproj", "{8F43765A-F734-4AA8-8A29-C7B68DDA0FB3}"
EndProject
Project("{FAE04EC0-301F-11D3-BF4B-00C04F79EFBC}") = "Lesson_4_DataLayer", "Lesson_4_DataLayer\Lesson_4_DataLayer.csproj", "{E39E9BFF-14D0-40A7-97EE-05DB3B26C531}"
EndProject
Project("{FAE04EC0-301F-11D3-BF4B-00C04F79EFBC}") = "Lesson_5_DataAdapter", "Lesson_5_DataAdapter\Lesson_5_DataAdapter.csproj", "{3E5A5207-229E-4CA2-A68F-FF4B65B1E8AA}"
EndProject
Project("{FAE04EC0-301F-11D3-BF4B-00C04F79EFBC}") = "Exam_ADO_NET", "Exam_ADO_NET\Exam_ADO_NET.csproj", "{01D72611-8347-4AAB-B1E6-CFDC65B15814}"
EndProject
Project("{FAE04EC0-301F-11D3-BF4B-00C04F79EFBC}") = "Lesson_5_1", "Lesson_5_1\Lesson_5_1.csproj", "{184E2B6C-B9A2-4E8B-B94F-D20D8DCAC2CD}"
EndProject
Project("{FAE04EC0-301F-11D3-BF4B-00C04F79EFBC}") = "Lesson_6_Form_DGV", "Lesson_6_Form_DGV\Lesson_6_Form_DGV.csproj", "{30ECC2F7-30A1-4082-815B-318B6851F3FC}"
EndProject
Project("{FAE04EC0-301F-11D3-BF4B-00C04F79EFBC}") = "Lesson_6_LINQ", "Lesson_6_LINQ\Lesson_6_LINQ.csproj", "{FCDF8594-EE0F-4232-8220-2E0C5B559532}"
EndProject
Project("{FAE04EC0-301F-11D3-BF4B-00C04F79EFBC}") = "Lesson_7_Linq_to_XML", "Lesson_7_Linq_to_XML\Lesson_7_Linq_to_XML.csproj", "{F9300B0D-E91E-44BF-9813-D56217634B20}"
EndProject
Project("{FAE04EC0-301F-11D3-BF4B-00C04F79EFBC}") = "Lesson_7_Linq_to_SQL", "Lesson_7_Linq_to_SQL\Lesson_7_Linq_to_SQL.csproj", "{CC4889D5-E1B7-4DDE-8861-88F1498C2F2A}"
EndProject
Project("{FAE04EC0-301F-11D3-BF4B-00C04F79EFBC}") = "Lesson_8_EF_DBFirst", "Lesson_8\Lesson_8_EF_DBFirst.csproj", "{5489DCEC-713D-4AA8-AC6D-F10AB5EDA279}"
EndProject
Global
	GlobalSection(SolutionConfigurationPlatforms) = preSolution
		Debug|Any CPU = Debug|Any CPU
		Release|Any CPU = Release|Any CPU
	EndGlobalSection
	GlobalSection(ProjectConfigurationPlatforms) = postSolution
		{F4639A50-E364-44AA-971E-1FEA148A4EFF}.Debug|Any CPU.ActiveCfg = Debug|Any CPU
		{F4639A50-E364-44AA-971E-1FEA148A4EFF}.Debug|Any CPU.Build.0 = Debug|Any CPU
		{F4639A50-E364-44AA-971E-1FEA148A4EFF}.Release|Any CPU.ActiveCfg = Release|Any CPU
		{F4639A50-E364-44AA-971E-1FEA148A4EFF}.Release|Any CPU.Build.0 = Release|Any CPU
		{0538A3F5-59E5-4487-B146-FFC5835B57A4}.Debug|Any CPU.ActiveCfg = Debug|Any CPU
		{0538A3F5-59E5-4487-B146-FFC5835B57A4}.Debug|Any CPU.Build.0 = Debug|Any CPU
		{0538A3F5-59E5-4487-B146-FFC5835B57A4}.Release|Any CPU.ActiveCfg = Release|Any CPU
		{0538A3F5-59E5-4487-B146-FFC5835B57A4}.Release|Any CPU.Build.0 = Release|Any CPU
		{01685789-2B31-4FC6-8975-AEB11B7517BE}.Debug|Any CPU.ActiveCfg = Debug|Any CPU
		{01685789-2B31-4FC6-8975-AEB11B7517BE}.Debug|Any CPU.Build.0 = Debug|Any CPU
		{01685789-2B31-4FC6-8975-AEB11B7517BE}.Release|Any CPU.ActiveCfg = Release|Any CPU
		{01685789-2B31-4FC6-8975-AEB11B7517BE}.Release|Any CPU.Build.0 = Release|Any CPU
		{8F43765A-F734-4AA8-8A29-C7B68DDA0FB3}.Debug|Any CPU.ActiveCfg = Debug|Any CPU
		{8F43765A-F734-4AA8-8A29-C7B68DDA0FB3}.Debug|Any CPU.Build.0 = Debug|Any CPU
		{8F43765A-F734-4AA8-8A29-C7B68DDA0FB3}.Release|Any CPU.ActiveCfg = Release|Any CPU
		{8F43765A-F734-4AA8-8A29-C7B68DDA0FB3}.Release|Any CPU.Build.0 = Release|Any CPU
		{E39E9BFF-14D0-40A7-97EE-05DB3B26C531}.Debug|Any CPU.ActiveCfg = Debug|Any CPU
		{E39E9BFF-14D0-40A7-97EE-05DB3B26C531}.Debug|Any CPU.Build.0 = Debug|Any CPU
		{E39E9BFF-14D0-40A7-97EE-05DB3B26C531}.Release|Any CPU.ActiveCfg = Release|Any CPU
		{E39E9BFF-14D0-40A7-97EE-05DB3B26C531}.Release|Any CPU.Build.0 = Release|Any CPU
		{3E5A5207-229E-4CA2-A68F-FF4B65B1E8AA}.Debug|Any CPU.ActiveCfg = Debug|Any CPU
		{3E5A5207-229E-4CA2-A68F-FF4B65B1E8AA}.Debug|Any CPU.Build.0 = Debug|Any CPU
		{3E5A5207-229E-4CA2-A68F-FF4B65B1E8AA}.Release|Any CPU.ActiveCfg = Release|Any CPU
		{3E5A5207-229E-4CA2-A68F-FF4B65B1E8AA}.Release|Any CPU.Build.0 = Release|Any CPU
		{01D72611-8347-4AAB-B1E6-CFDC65B15814}.Debug|Any CPU.ActiveCfg = Debug|Any CPU
		{01D72611-8347-4AAB-B1E6-CFDC65B15814}.Debug|Any CPU.Build.0 = Debug|Any CPU
		{01D72611-8347-4AAB-B1E6-CFDC65B15814}.Release|Any CPU.ActiveCfg = Release|Any CPU
		{01D72611-8347-4AAB-B1E6-CFDC65B15814}.Release|Any CPU.Build.0 = Release|Any CPU
		{184E2B6C-B9A2-4E8B-B94F-D20D8DCAC2CD}.Debug|Any CPU.ActiveCfg = Debug|Any CPU
		{184E2B6C-B9A2-4E8B-B94F-D20D8DCAC2CD}.Debug|Any CPU.Build.0 = Debug|Any CPU
		{184E2B6C-B9A2-4E8B-B94F-D20D8DCAC2CD}.Release|Any CPU.ActiveCfg = Release|Any CPU
		{184E2B6C-B9A2-4E8B-B94F-D20D8DCAC2CD}.Release|Any CPU.Build.0 = Release|Any CPU
		{30ECC2F7-30A1-4082-815B-318B6851F3FC}.Debug|Any CPU.ActiveCfg = Debug|Any CPU
		{30ECC2F7-30A1-4082-815B-318B6851F3FC}.Debug|Any CPU.Build.0 = Debug|Any CPU
		{30ECC2F7-30A1-4082-815B-318B6851F3FC}.Release|Any CPU.ActiveCfg = Release|Any CPU
		{30ECC2F7-30A1-4082-815B-318B6851F3FC}.Release|Any CPU.Build.0 = Release|Any CPU
		{FCDF8594-EE0F-4232-8220-2E0C5B559532}.Debug|Any CPU.ActiveCfg = Debug|Any CPU
		{FCDF8594-EE0F-4232-8220-2E0C5B559532}.Debug|Any CPU.Build.0 = Debug|Any CPU
		{FCDF8594-EE0F-4232-8220-2E0C5B559532}.Release|Any CPU.ActiveCfg = Release|Any CPU
		{FCDF8594-EE0F-4232-8220-2E0C5B559532}.Release|Any CPU.Build.0 = Release|Any CPU
		{F9300B0D-E91E-44BF-9813-D56217634B20}.Debug|Any CPU.ActiveCfg = Debug|Any CPU
		{F9300B0D-E91E-44BF-9813-D56217634B20}.Debug|Any CPU.Build.0 = Debug|Any CPU
		{F9300B0D-E91E-44BF-9813-D56217634B20}.Release|Any CPU.ActiveCfg = Release|Any CPU
		{F9300B0D-E91E-44BF-9813-D56217634B20}.Release|Any CPU.Build.0 = Release|Any CPU
		{CC4889D5-E1B7-4DDE-8861-88F1498C2F2A}.Debug|Any CPU.ActiveCfg = Debug|Any CPU
		{CC4889D5-E1B7-4DDE-8861-88F1498C2F2A}.Debug|Any CPU.Build.0 = Debug|Any CPU
		{CC4889D5-E1B7-4DDE-8861-88F1498C2F2A}.Release|Any CPU.ActiveCfg = Release|Any CPU
		{CC4889D5-E1B7-4DDE-8861-88F1498C2F2A}.Release|Any CPU.Build.0 = Release|Any CPU
		{5489DCEC-713D-4AA8-AC6D-F10AB5EDA279}.Debug|Any CPU.ActiveCfg = Debug|Any CPU
		{5489DCEC-713D-4AA8-AC6D-F10AB5EDA279}.Debug|Any CPU.Build.0 = Debug|Any CPU
		{5489DCEC-713D-4AA8-AC6D-F10AB5EDA279}.Release|Any CPU.ActiveCfg = Release|Any CPU
		{5489DCEC-713D-4AA8-AC6D-F10AB5EDA279}.Release|Any CPU.Build.0 = Release|Any CPU
	EndGlobalSection
	GlobalSection(SolutionProperties) = preSolution
		HideSolutionNode = FALSE
	EndGlobalSection
	GlobalSection(ExtensibilityGlobals) = postSolution
		SolutionGuid = {1C277B3D-4AB8-4D19-9269-88544B8577B8}
	EndGlobalSection
EndGlobal
